github.com/mxmCherry/openrtb v13.0.0+incompatible h1:KEnUHAJFovM54lcicyjiJgZZ4mWKNw+h0GOJXWOoJ4A=
github.com/mxmCherry/openrtb v13.0.0+incompatible/go.mod h1:zpnz6Au3bzTGplpRU0kvFPNT6g4ROAKx/GkrslFDwZk=
gopkg.in/check.v1 v0.0.0-20161208181325-20d25e280405/go.mod h1:Co6ibVJAznAaIkqp8huTwlJQCZ016jof/cbN4VW5Yz0=
gopkg.in/yaml.v3 v3.0.1 h1:fxVm/GzAzEWqLHuvctI91KS9hhNmmWOoWu0XTYJS7CA=
gopkg.in/yaml.v3 v3.0.1/go.mod h1:K4uyk7z7BCEPqu6E+C64Yfv1cQ7kz7rIZviUmN+EgEM=
